
Microsoft Visual Studio Solution File, Format Version 12.00
Project("{FAE04EC0-301F-11D3-BF4B-00C04F79EFBC}") = "HemaManager.Web", "server\HemaManager.Web\HemaManager.Web.csproj", "{217AD523-2391-47AE-B164-804DBE6DEA0B}"
EndProject
Project("{FAE04EC0-301F-11D3-BF4B-00C04F79EFBC}") = "HemaManager.Domain", "server\HemaManager.Domain\HemaManager.Domain.csproj", "{961C9D07-7057-42F4-9423-2D48BC9789F5}"
EndProject
Project("{FAE04EC0-301F-11D3-BF4B-00C04F79EFBC}") = "HemaManager.Infrastructure", "server\HemaManager.Infrastructure\HemaManager.Infrastructure.csproj", "{28F700F7-0530-4BAB-A9F4-AE2B6BFA2A33}"
EndProject
Project("{FAE04EC0-301F-11D3-BF4B-00C04F79EFBC}") = "HemaManager.Application", "server\HemaManager.Application\HemaManager.Application.csproj", "{E505A2E5-6521-4636-8341-1C9CD7FE3498}"
EndProject
Global
	GlobalSection(SolutionConfigurationPlatforms) = preSolution
		Debug|Any CPU = Debug|Any CPU
		Release|Any CPU = Release|Any CPU
	EndGlobalSection
	GlobalSection(ProjectConfigurationPlatforms) = postSolution
		{217AD523-2391-47AE-B164-804DBE6DEA0B}.Debug|Any CPU.ActiveCfg = Debug|Any CPU
		{217AD523-2391-47AE-B164-804DBE6DEA0B}.Debug|Any CPU.Build.0 = Debug|Any CPU
		{217AD523-2391-47AE-B164-804DBE6DEA0B}.Release|Any CPU.ActiveCfg = Release|Any CPU
		{217AD523-2391-47AE-B164-804DBE6DEA0B}.Release|Any CPU.Build.0 = Release|Any CPU
		{961C9D07-7057-42F4-9423-2D48BC9789F5}.Debug|Any CPU.ActiveCfg = Debug|Any CPU
		{961C9D07-7057-42F4-9423-2D48BC9789F5}.Debug|Any CPU.Build.0 = Debug|Any CPU
		{961C9D07-7057-42F4-9423-2D48BC9789F5}.Release|Any CPU.ActiveCfg = Release|Any CPU
		{961C9D07-7057-42F4-9423-2D48BC9789F5}.Release|Any CPU.Build.0 = Release|Any CPU
		{28F700F7-0530-4BAB-A9F4-AE2B6BFA2A33}.Debug|Any CPU.ActiveCfg = Debug|Any CPU
		{28F700F7-0530-4BAB-A9F4-AE2B6BFA2A33}.Debug|Any CPU.Build.0 = Debug|Any CPU
		{28F700F7-0530-4BAB-A9F4-AE2B6BFA2A33}.Release|Any CPU.ActiveCfg = Release|Any CPU
		{28F700F7-0530-4BAB-A9F4-AE2B6BFA2A33}.Release|Any CPU.Build.0 = Release|Any CPU
		{E505A2E5-6521-4636-8341-1C9CD7FE3498}.Debug|Any CPU.ActiveCfg = Debug|Any CPU
		{E505A2E5-6521-4636-8341-1C9CD7FE3498}.Debug|Any CPU.Build.0 = Debug|Any CPU
		{E505A2E5-6521-4636-8341-1C9CD7FE3498}.Release|Any CPU.ActiveCfg = Release|Any CPU
		{E505A2E5-6521-4636-8341-1C9CD7FE3498}.Release|Any CPU.Build.0 = Release|Any CPU
	EndGlobalSection
EndGlobal
